
Microsoft Visual Studio Solution File, Format Version 12.00
Project("{2150E333-8FDC-42A3-9474-1A3956D46DE8}") = "Services", "Services", "{C69EC482-1E0D-4629-9295-4978B29FCAB6}"
EndProject
Project("{2150E333-8FDC-42A3-9474-1A3956D46DE8}") = "Catalog", "Catalog", "{CD366518-4B28-4DF8-B585-14FCE0D99778}"
EndProject
Project("{FAE04EC0-301F-11D3-BF4B-00C04F79EFBC}") = "Catalog.API", "Services\Catalog\Catalog.API\Catalog.API.csproj", "{0A584B66-C75C-4206-8D24-3CE01282F048}"
EndProject
Global
	GlobalSection(SolutionConfigurationPlatforms) = preSolution
		Debug|Any CPU = Debug|Any CPU
		Release|Any CPU = Release|Any CPU
	EndGlobalSection
	GlobalSection(NestedProjects) = preSolution
		{CD366518-4B28-4DF8-B585-14FCE0D99778} = {C69EC482-1E0D-4629-9295-4978B29FCAB6}
		{0A584B66-C75C-4206-8D24-3CE01282F048} = {CD366518-4B28-4DF8-B585-14FCE0D99778}
	EndGlobalSection
	GlobalSection(ProjectConfigurationPlatforms) = postSolution
		{0A584B66-C75C-4206-8D24-3CE01282F048}.Debug|Any CPU.ActiveCfg = Debug|Any CPU
		{0A584B66-C75C-4206-8D24-3CE01282F048}.Debug|Any CPU.Build.0 = Debug|Any CPU
		{0A584B66-C75C-4206-8D24-3CE01282F048}.Release|Any CPU.ActiveCfg = Release|Any CPU
		{0A584B66-C75C-4206-8D24-3CE01282F048}.Release|Any CPU.Build.0 = Release|Any CPU
	EndGlobalSection
EndGlobal
